
Microsoft Visual Studio Solution File, Format Version 12.00
# Visual Studio Version 17
VisualStudioVersion = 17.7.34009.444
MinimumVisualStudioVersion = 10.0.40219.1
Project("{FAE04EC0-301F-11D3-BF4B-00C04F79EFBC}") = "OOP-Icin-Referans-Tipleri-Kafamizda-Netlestirelim", "OOP-Icin-Referans-Tipleri-Kafamizda-Netlestirelim\OOP-Icin-Referans-Tipleri-Kafamizda-Netlestirelim.csproj", "{40E6142D-6505-473A-877B-ABC06B8E93C6}"
EndProject
Global
	GlobalSection(SolutionConfigurationPlatforms) = preSolution
		Debug|Any CPU = Debug|Any CPU
		Release|Any CPU = Release|Any CPU
	EndGlobalSection
	GlobalSection(ProjectConfigurationPlatforms) = postSolution
		{40E6142D-6505-473A-877B-ABC06B8E93C6}.Debug|Any CPU.ActiveCfg = Debug|Any CPU
		{40E6142D-6505-473A-877B-ABC06B8E93C6}.Debug|Any CPU.Build.0 = Debug|Any CPU
		{40E6142D-6505-473A-877B-ABC06B8E93C6}.Release|Any CPU.ActiveCfg = Release|Any CPU
		{40E6142D-6505-473A-877B-ABC06B8E93C6}.Release|Any CPU.Build.0 = Release|Any CPU
	EndGlobalSection
	GlobalSection(SolutionProperties) = preSolution
		HideSolutionNode = FALSE
	EndGlobalSection
	GlobalSection(ExtensibilityGlobals) = postSolution
		SolutionGuid = {5794DA69-F9AF-4898-9955-B124284F0280}
	EndGlobalSection
EndGlobal
