
Microsoft Visual Studio Solution File, Format Version 12.00
# Visual Studio Version 17
VisualStudioVersion = 17.7.34009.444
MinimumVisualStudioVersion = 10.0.40219.1
Project("{9A19103F-16F7-4668-BE54-9A1E7A4F7556}") = "OOP-Icin-Referans-Tipleri-Kafamizda-Netlestirelim", "OOP-Icin-Referans-Tipleri-Kafamizda-Netlestirelim\OOP-Icin-Referans-Tipleri-Kafamizda-Netlestirelim.csproj", "{40E6142D-6505-473A-877B-ABC06B8E93C6}"
EndProject
Project("{9A19103F-16F7-4668-BE54-9A1E7A4F7556}") = "ConstructorYapisiniKafamizdaNetlestirelim", "ConstructorYapisiniKafamizdaNetlestirelim\ConstructorYapisiniKafamizdaNetlestirelim.csproj", "{FF3B4E6D-A6B3-48AB-B261-B0F6C7234673}"
EndProject
Project("{9A19103F-16F7-4668-BE54-9A1E7A4F7556}") = "InterfaceKonusunuGercekHayatProjeleri", "InterfaceKonusunuGercekHayatProjeleri\InterfaceKonusunuGercekHayatProjeleri.csproj", "{5C39379C-5569-4BCE-B310-25E65F2CE6A5}"
EndProject
Project("{FAE04EC0-301F-11D3-BF4B-00C04F79EFBC}") = "GenericYapılariYapisalMantigiylaAnlamak", "GenericYapılariYapisalMantigiylaAnlamak\GenericYapılariYapisalMantigiylaAnlamak.csproj", "{4FED8726-B00B-4A7B-A958-2F3767E9B1B8}"
EndProject
Global
	GlobalSection(SolutionConfigurationPlatforms) = preSolution
		Debug|Any CPU = Debug|Any CPU
		Release|Any CPU = Release|Any CPU
	EndGlobalSection
	GlobalSection(ProjectConfigurationPlatforms) = postSolution
		{40E6142D-6505-473A-877B-ABC06B8E93C6}.Debug|Any CPU.ActiveCfg = Debug|Any CPU
		{40E6142D-6505-473A-877B-ABC06B8E93C6}.Debug|Any CPU.Build.0 = Debug|Any CPU
		{40E6142D-6505-473A-877B-ABC06B8E93C6}.Release|Any CPU.ActiveCfg = Release|Any CPU
		{40E6142D-6505-473A-877B-ABC06B8E93C6}.Release|Any CPU.Build.0 = Release|Any CPU
		{FF3B4E6D-A6B3-48AB-B261-B0F6C7234673}.Debug|Any CPU.ActiveCfg = Debug|Any CPU
		{FF3B4E6D-A6B3-48AB-B261-B0F6C7234673}.Debug|Any CPU.Build.0 = Debug|Any CPU
		{FF3B4E6D-A6B3-48AB-B261-B0F6C7234673}.Release|Any CPU.ActiveCfg = Release|Any CPU
		{FF3B4E6D-A6B3-48AB-B261-B0F6C7234673}.Release|Any CPU.Build.0 = Release|Any CPU
		{5C39379C-5569-4BCE-B310-25E65F2CE6A5}.Debug|Any CPU.ActiveCfg = Debug|Any CPU
		{5C39379C-5569-4BCE-B310-25E65F2CE6A5}.Debug|Any CPU.Build.0 = Debug|Any CPU
		{5C39379C-5569-4BCE-B310-25E65F2CE6A5}.Release|Any CPU.ActiveCfg = Release|Any CPU
		{5C39379C-5569-4BCE-B310-25E65F2CE6A5}.Release|Any CPU.Build.0 = Release|Any CPU
		{4FED8726-B00B-4A7B-A958-2F3767E9B1B8}.Debug|Any CPU.ActiveCfg = Debug|Any CPU
		{4FED8726-B00B-4A7B-A958-2F3767E9B1B8}.Debug|Any CPU.Build.0 = Debug|Any CPU
		{4FED8726-B00B-4A7B-A958-2F3767E9B1B8}.Release|Any CPU.ActiveCfg = Release|Any CPU
		{4FED8726-B00B-4A7B-A958-2F3767E9B1B8}.Release|Any CPU.Build.0 = Release|Any CPU
	EndGlobalSection
	GlobalSection(SolutionProperties) = preSolution
		HideSolutionNode = FALSE
	EndGlobalSection
	GlobalSection(ExtensibilityGlobals) = postSolution
		SolutionGuid = {5794DA69-F9AF-4898-9955-B124284F0280}
	EndGlobalSection
EndGlobal
